
Microsoft Visual Studio Solution File, Format Version 12.00
# Visual Studio Version 17
VisualStudioVersion = 17.0.31903.59
MinimumVisualStudioVersion = 10.0.40219.1
Project("{2150E333-8FDC-42A3-9474-1A3956D46DE8}") = "src", "src", "{827E0CD3-B72D-47B6-A68D-7590B98EB39B}"
EndProject
Project("{FAE04EC0-301F-11D3-BF4B-00C04F79EFBC}") = "WinARD.Application", "src\WinARD.Application\WinARD.Application.csproj", "{235FFD1C-6E60-4D02-9279-5D36F47795CD}"
EndProject
Project("{FAE04EC0-301F-11D3-BF4B-00C04F79EFBC}") = "WinARD.Domain", "src\WinARD.Domain\WinARD.Domain.csproj", "{F94CB4A9-F9F8-4F20-8350-D72AE5DE608B}"
EndProject
Project("{FAE04EC0-301F-11D3-BF4B-00C04F79EFBC}") = "WinARD.Infrastructure", "src\WinARD.Infrastructure\WinARD.Infrastructure.csproj", "{C0842FC9-FD0C-4E47-9DC9-4069CC4F2C27}"
EndProject
Project("{FAE04EC0-301F-11D3-BF4B-00C04F79EFBC}") = "WinARD.Remote.Protocol", "src\WinARD.Remote.Protocol\WinARD.Remote.Protocol.csproj", "{971CB91E-190C-42FC-8F45-E4CB71B2914C}"
EndProject
Project("{FAE04EC0-301F-11D3-BF4B-00C04F79EFBC}") = "WinARD.Security", "src\WinARD.Security\WinARD.Security.csproj", "{42293A9C-A983-450E-9B59-8FD0F1FCA00E}"
EndProject
Project("{FAE04EC0-301F-11D3-BF4B-00C04F79EFBC}") = "WinARD.Transport", "src\WinARD.Transport\WinARD.Transport.csproj", "{565CFBD4-1CBA-4BCD-9269-3B9AF3732117}"
EndProject
Project("{2150E333-8FDC-42A3-9474-1A3956D46DE8}") = "tests", "tests", "{0AB3BF05-4346-4AA6-1389-037BE0695223}"
EndProject
Project("{FAE04EC0-301F-11D3-BF4B-00C04F79EFBC}") = "WinARD.Application.Tests", "tests\WinARD.Application.Tests\WinARD.Application.Tests.csproj", "{2864FC44-39D0-4796-B3A9-F42307138A41}"
EndProject
Project("{FAE04EC0-301F-11D3-BF4B-00C04F79EFBC}") = "WinARD.Testing", "tests\WinARD.Testing\WinARD.Testing.csproj", "{35E70F1B-1EB2-4917-BF76-2AF67E393231}"
EndProject
Project("{FAE04EC0-301F-11D3-BF4B-00C04F79EFBC}") = "WinARD.Desktop.Tests", "tests\WinARD.Desktop.Tests\WinARD.Desktop.Tests.csproj", "{B40B1E9F-8464-4403-B077-14362FF9E97F}"
EndProject
Project("{FAE04EC0-301F-11D3-BF4B-00C04F79EFBC}") = "WinARD.Domain.Tests", "tests\WinARD.Domain.Tests\WinARD.Domain.Tests.csproj", "{B9B990E4-BD59-4133-8464-3895D3724A7D}"
EndProject
Project("{FAE04EC0-301F-11D3-BF4B-00C04F79EFBC}") = "WinARD.Infrastructure.Tests", "tests\WinARD.Infrastructure.Tests\WinARD.Infrastructure.Tests.csproj", "{F78B1ACF-2595-41E3-998C-521CC0757824}"
EndProject
Project("{FAE04EC0-301F-11D3-BF4B-00C04F79EFBC}") = "WinARD.Remote.Protocol.Tests", "tests\WinARD.Remote.Protocol.Tests\WinARD.Remote.Protocol.Tests.csproj", "{4CA7FCEB-7E79-43CD-AF9E-809B83397491}"
EndProject
Project("{FAE04EC0-301F-11D3-BF4B-00C04F79EFBC}") = "WinARD.Security.Tests", "tests\WinARD.Security.Tests\WinARD.Security.Tests.csproj", "{3710D3EB-D11D-4E4A-92FE-EC697AB1D13E}"
EndProject
Project("{FAE04EC0-301F-11D3-BF4B-00C04F79EFBC}") = "WinARD.Transport.Tests", "tests\WinARD.Transport.Tests\WinARD.Transport.Tests.csproj", "{E64EFF6F-5520-46C0-AC8A-BBF4535D3554}"
EndProject
Project("{2150E333-8FDC-42A3-9474-1A3956D46DE8}") = "tools", "tools", "{07C2787E-EAC7-C090-1BA3-A61EC2A24D84}"
EndProject
Project("{FAE04EC0-301F-11D3-BF4B-00C04F79EFBC}") = "WinARD.ProtocolProbe", "tools\WinARD.ProtocolProbe\WinARD.ProtocolProbe.csproj", "{0F928B0A-EAAC-4A1B-9416-5867A52B58F1}"
EndProject
Project("{FAE04EC0-301F-11D3-BF4B-00C04F79EFBC}") = "WinARD.OpenSshAskPass", "tools\WinARD.OpenSshAskPass\WinARD.OpenSshAskPass.csproj", "{08CA7FD0-D3BB-4D8A-A8D3-FDD6E3485435}"
EndProject
Project("{FAE04EC0-301F-11D3-BF4B-00C04F79EFBC}") = "WinARD.Desktop", "src\WinARD.Desktop\WinARD.Desktop.csproj", "{E398E70F-31FD-4773-A3F1-962AE9E49266}"
EndProject
Global
	GlobalSection(SolutionConfigurationPlatforms) = preSolution
		Debug|Any CPU = Debug|Any CPU
		Debug|x64 = Debug|x64
		Debug|x86 = Debug|x86
		Release|Any CPU = Release|Any CPU
		Release|x64 = Release|x64
		Release|x86 = Release|x86
	EndGlobalSection
	GlobalSection(ProjectConfigurationPlatforms) = postSolution
		{235FFD1C-6E60-4D02-9279-5D36F47795CD}.Debug|Any CPU.ActiveCfg = Debug|Any CPU
		{235FFD1C-6E60-4D02-9279-5D36F47795CD}.Debug|Any CPU.Build.0 = Debug|Any CPU
		{235FFD1C-6E60-4D02-9279-5D36F47795CD}.Debug|x64.ActiveCfg = Debug|Any CPU
		{235FFD1C-6E60-4D02-9279-5D36F47795CD}.Debug|x64.Build.0 = Debug|Any CPU
		{235FFD1C-6E60-4D02-9279-5D36F47795CD}.Debug|x86.ActiveCfg = Debug|Any CPU
		{235FFD1C-6E60-4D02-9279-5D36F47795CD}.Debug|x86.Build.0 = Debug|Any CPU
		{235FFD1C-6E60-4D02-9279-5D36F47795CD}.Release|Any CPU.ActiveCfg = Release|Any CPU
		{235FFD1C-6E60-4D02-9279-5D36F47795CD}.Release|Any CPU.Build.0 = Release|Any CPU
		{235FFD1C-6E60-4D02-9279-5D36F47795CD}.Release|x64.ActiveCfg = Release|Any CPU
		{235FFD1C-6E60-4D02-9279-5D36F47795CD}.Release|x64.Build.0 = Release|Any CPU
		{235FFD1C-6E60-4D02-9279-5D36F47795CD}.Release|x86.ActiveCfg = Release|Any CPU
		{235FFD1C-6E60-4D02-9279-5D36F47795CD}.Release|x86.Build.0 = Release|Any CPU
		{F94CB4A9-F9F8-4F20-8350-D72AE5DE608B}.Debug|Any CPU.ActiveCfg = Debug|Any CPU
		{F94CB4A9-F9F8-4F20-8350-D72AE5DE608B}.Debug|Any CPU.Build.0 = Debug|Any CPU
		{F94CB4A9-F9F8-4F20-8350-D72AE5DE608B}.Debug|x64.ActiveCfg = Debug|Any CPU
		{F94CB4A9-F9F8-4F20-8350-D72AE5DE608B}.Debug|x64.Build.0 = Debug|Any CPU
		{F94CB4A9-F9F8-4F20-8350-D72AE5DE608B}.Debug|x86.ActiveCfg = Debug|Any CPU
		{F94CB4A9-F9F8-4F20-8350-D72AE5DE608B}.Debug|x86.Build.0 = Debug|Any CPU
		{F94CB4A9-F9F8-4F20-8350-D72AE5DE608B}.Release|Any CPU.ActiveCfg = Release|Any CPU
		{F94CB4A9-F9F8-4F20-8350-D72AE5DE608B}.Release|Any CPU.Build.0 = Release|Any CPU
		{F94CB4A9-F9F8-4F20-8350-D72AE5DE608B}.Release|x64.ActiveCfg = Release|Any CPU
		{F94CB4A9-F9F8-4F20-8350-D72AE5DE608B}.Release|x64.Build.0 = Release|Any CPU
		{F94CB4A9-F9F8-4F20-8350-D72AE5DE608B}.Release|x86.ActiveCfg = Release|Any CPU
		{F94CB4A9-F9F8-4F20-8350-D72AE5DE608B}.Release|x86.Build.0 = Release|Any CPU
		{C0842FC9-FD0C-4E47-9DC9-4069CC4F2C27}.Debug|Any CPU.ActiveCfg = Debug|Any CPU
		{C0842FC9-FD0C-4E47-9DC9-4069CC4F2C27}.Debug|Any CPU.Build.0 = Debug|Any CPU
		{C0842FC9-FD0C-4E47-9DC9-4069CC4F2C27}.Debug|x64.ActiveCfg = Debug|Any CPU
		{C0842FC9-FD0C-4E47-9DC9-4069CC4F2C27}.Debug|x64.Build.0 = Debug|Any CPU
		{C0842FC9-FD0C-4E47-9DC9-4069CC4F2C27}.Debug|x86.ActiveCfg = Debug|Any CPU
		{C0842FC9-FD0C-4E47-9DC9-4069CC4F2C27}.Debug|x86.Build.0 = Debug|Any CPU
		{C0842FC9-FD0C-4E47-9DC9-4069CC4F2C27}.Release|Any CPU.ActiveCfg = Release|Any CPU
		{C0842FC9-FD0C-4E47-9DC9-4069CC4F2C27}.Release|Any CPU.Build.0 = Release|Any CPU
		{C0842FC9-FD0C-4E47-9DC9-4069CC4F2C27}.Release|x64.ActiveCfg = Release|Any CPU
		{C0842FC9-FD0C-4E47-9DC9-4069CC4F2C27}.Release|x64.Build.0 = Release|Any CPU
		{C0842FC9-FD0C-4E47-9DC9-4069CC4F2C27}.Release|x86.ActiveCfg = Release|Any CPU
		{C0842FC9-FD0C-4E47-9DC9-4069CC4F2C27}.Release|x86.Build.0 = Release|Any CPU
		{971CB91E-190C-42FC-8F45-E4CB71B2914C}.Debug|Any CPU.ActiveCfg = Debug|Any CPU
		{971CB91E-190C-42FC-8F45-E4CB71B2914C}.Debug|Any CPU.Build.0 = Debug|Any CPU
		{971CB91E-190C-42FC-8F45-E4CB71B2914C}.Debug|x64.ActiveCfg = Debug|Any CPU
		{971CB91E-190C-42FC-8F45-E4CB71B2914C}.Debug|x64.Build.0 = Debug|Any CPU
		{971CB91E-190C-42FC-8F45-E4CB71B2914C}.Debug|x86.ActiveCfg = Debug|Any CPU
		{971CB91E-190C-42FC-8F45-E4CB71B2914C}.Debug|x86.Build.0 = Debug|Any CPU
		{971CB91E-190C-42FC-8F45-E4CB71B2914C}.Release|Any CPU.ActiveCfg = Release|Any CPU
		{971CB91E-190C-42FC-8F45-E4CB71B2914C}.Release|Any CPU.Build.0 = Release|Any CPU
		{971CB91E-190C-42FC-8F45-E4CB71B2914C}.Release|x64.ActiveCfg = Release|Any CPU
		{971CB91E-190C-42FC-8F45-E4CB71B2914C}.Release|x64.Build.0 = Release|Any CPU
		{971CB91E-190C-42FC-8F45-E4CB71B2914C}.Release|x86.ActiveCfg = Release|Any CPU
		{971CB91E-190C-42FC-8F45-E4CB71B2914C}.Release|x86.Build.0 = Release|Any CPU
		{42293A9C-A983-450E-9B59-8FD0F1FCA00E}.Debug|Any CPU.ActiveCfg = Debug|Any CPU
		{42293A9C-A983-450E-9B59-8FD0F1FCA00E}.Debug|Any CPU.Build.0 = Debug|Any CPU
		{42293A9C-A983-450E-9B59-8FD0F1FCA00E}.Debug|x64.ActiveCfg = Debug|Any CPU
		{42293A9C-A983-450E-9B59-8FD0F1FCA00E}.Debug|x64.Build.0 = Debug|Any CPU
		{42293A9C-A983-450E-9B59-8FD0F1FCA00E}.Debug|x86.ActiveCfg = Debug|Any CPU
		{42293A9C-A983-450E-9B59-8FD0F1FCA00E}.Debug|x86.Build.0 = Debug|Any CPU
		{42293A9C-A983-450E-9B59-8FD0F1FCA00E}.Release|Any CPU.ActiveCfg = Release|Any CPU
		{42293A9C-A983-450E-9B59-8FD0F1FCA00E}.Release|Any CPU.Build.0 = Release|Any CPU
		{42293A9C-A983-450E-9B59-8FD0F1FCA00E}.Release|x64.ActiveCfg = Release|Any CPU
		{42293A9C-A983-450E-9B59-8FD0F1FCA00E}.Release|x64.Build.0 = Release|Any CPU
		{42293A9C-A983-450E-9B59-8FD0F1FCA00E}.Release|x86.ActiveCfg = Release|Any CPU
		{42293A9C-A983-450E-9B59-8FD0F1FCA00E}.Release|x86.Build.0 = Release|Any CPU
		{565CFBD4-1CBA-4BCD-9269-3B9AF3732117}.Debug|Any CPU.ActiveCfg = Debug|Any CPU
		{565CFBD4-1CBA-4BCD-9269-3B9AF3732117}.Debug|Any CPU.Build.0 = Debug|Any CPU
		{565CFBD4-1CBA-4BCD-9269-3B9AF3732117}.Debug|x64.ActiveCfg = Debug|Any CPU
		{565CFBD4-1CBA-4BCD-9269-3B9AF3732117}.Debug|x64.Build.0 = Debug|Any CPU
		{565CFBD4-1CBA-4BCD-9269-3B9AF3732117}.Debug|x86.ActiveCfg = Debug|Any CPU
		{565CFBD4-1CBA-4BCD-9269-3B9AF3732117}.Debug|x86.Build.0 = Debug|Any CPU
		{565CFBD4-1CBA-4BCD-9269-3B9AF3732117}.Release|Any CPU.ActiveCfg = Release|Any CPU
		{565CFBD4-1CBA-4BCD-9269-3B9AF3732117}.Release|Any CPU.Build.0 = Release|Any CPU
		{565CFBD4-1CBA-4BCD-9269-3B9AF3732117}.Release|x64.ActiveCfg = Release|Any CPU
		{565CFBD4-1CBA-4BCD-9269-3B9AF3732117}.Release|x64.Build.0 = Release|Any CPU
		{565CFBD4-1CBA-4BCD-9269-3B9AF3732117}.Release|x86.ActiveCfg = Release|Any CPU
		{565CFBD4-1CBA-4BCD-9269-3B9AF3732117}.Release|x86.Build.0 = Release|Any CPU
		{2864FC44-39D0-4796-B3A9-F42307138A41}.Debug|Any CPU.ActiveCfg = Debug|Any CPU
		{2864FC44-39D0-4796-B3A9-F42307138A41}.Debug|Any CPU.Build.0 = Debug|Any CPU
		{2864FC44-39D0-4796-B3A9-F42307138A41}.Debug|x64.ActiveCfg = Debug|Any CPU
		{2864FC44-39D0-4796-B3A9-F42307138A41}.Debug|x64.Build.0 = Debug|Any CPU
		{2864FC44-39D0-4796-B3A9-F42307138A41}.Debug|x86.ActiveCfg = Debug|Any CPU
		{2864FC44-39D0-4796-B3A9-F42307138A41}.Debug|x86.Build.0 = Debug|Any CPU
		{2864FC44-39D0-4796-B3A9-F42307138A41}.Release|Any CPU.ActiveCfg = Release|Any CPU
		{2864FC44-39D0-4796-B3A9-F42307138A41}.Release|Any CPU.Build.0 = Release|Any CPU
		{2864FC44-39D0-4796-B3A9-F42307138A41}.Release|x64.ActiveCfg = Release|Any CPU
		{2864FC44-39D0-4796-B3A9-F42307138A41}.Release|x64.Build.0 = Release|Any CPU
		{2864FC44-39D0-4796-B3A9-F42307138A41}.Release|x86.ActiveCfg = Release|Any CPU
		{2864FC44-39D0-4796-B3A9-F42307138A41}.Release|x86.Build.0 = Release|Any CPU
		{35E70F1B-1EB2-4917-BF76-2AF67E393231}.Debug|Any CPU.ActiveCfg = Debug|Any CPU
		{35E70F1B-1EB2-4917-BF76-2AF67E393231}.Debug|Any CPU.Build.0 = Debug|Any CPU
		{35E70F1B-1EB2-4917-BF76-2AF67E393231}.Debug|x64.ActiveCfg = Debug|Any CPU
		{35E70F1B-1EB2-4917-BF76-2AF67E393231}.Debug|x64.Build.0 = Debug|Any CPU
		{35E70F1B-1EB2-4917-BF76-2AF67E393231}.Debug|x86.ActiveCfg = Debug|Any CPU
		{35E70F1B-1EB2-4917-BF76-2AF67E393231}.Debug|x86.Build.0 = Debug|Any CPU
		{35E70F1B-1EB2-4917-BF76-2AF67E393231}.Release|Any CPU.ActiveCfg = Release|Any CPU
		{35E70F1B-1EB2-4917-BF76-2AF67E393231}.Release|Any CPU.Build.0 = Release|Any CPU
		{35E70F1B-1EB2-4917-BF76-2AF67E393231}.Release|x64.ActiveCfg = Release|Any CPU
		{35E70F1B-1EB2-4917-BF76-2AF67E393231}.Release|x64.Build.0 = Release|Any CPU
		{35E70F1B-1EB2-4917-BF76-2AF67E393231}.Release|x86.ActiveCfg = Release|Any CPU
		{35E70F1B-1EB2-4917-BF76-2AF67E393231}.Release|x86.Build.0 = Release|Any CPU
		{B40B1E9F-8464-4403-B077-14362FF9E97F}.Debug|Any CPU.ActiveCfg = Debug|Any CPU
		{B40B1E9F-8464-4403-B077-14362FF9E97F}.Debug|Any CPU.Build.0 = Debug|Any CPU
		{B40B1E9F-8464-4403-B077-14362FF9E97F}.Debug|x64.ActiveCfg = Debug|Any CPU
		{B40B1E9F-8464-4403-B077-14362FF9E97F}.Debug|x64.Build.0 = Debug|Any CPU
		{B40B1E9F-8464-4403-B077-14362FF9E97F}.Debug|x86.ActiveCfg = Debug|Any CPU
		{B40B1E9F-8464-4403-B077-14362FF9E97F}.Debug|x86.Build.0 = Debug|Any CPU
		{B40B1E9F-8464-4403-B077-14362FF9E97F}.Release|Any CPU.ActiveCfg = Release|Any CPU
		{B40B1E9F-8464-4403-B077-14362FF9E97F}.Release|Any CPU.Build.0 = Release|Any CPU
		{B40B1E9F-8464-4403-B077-14362FF9E97F}.Release|x64.ActiveCfg = Release|Any CPU
		{B40B1E9F-8464-4403-B077-14362FF9E97F}.Release|x64.Build.0 = Release|Any CPU
		{B40B1E9F-8464-4403-B077-14362FF9E97F}.Release|x86.ActiveCfg = Release|Any CPU
		{B40B1E9F-8464-4403-B077-14362FF9E97F}.Release|x86.Build.0 = Release|Any CPU
		{B9B990E4-BD59-4133-8464-3895D3724A7D}.Debug|Any CPU.ActiveCfg = Debug|Any CPU
		{B9B990E4-BD59-4133-8464-3895D3724A7D}.Debug|Any CPU.Build.0 = Debug|Any CPU
		{B9B990E4-BD59-4133-8464-3895D3724A7D}.Debug|x64.ActiveCfg = Debug|Any CPU
		{B9B990E4-BD59-4133-8464-3895D3724A7D}.Debug|x64.Build.0 = Debug|Any CPU
		{B9B990E4-BD59-4133-8464-3895D3724A7D}.Debug|x86.ActiveCfg = Debug|Any CPU
		{B9B990E4-BD59-4133-8464-3895D3724A7D}.Debug|x86.Build.0 = Debug|Any CPU
		{B9B990E4-BD59-4133-8464-3895D3724A7D}.Release|Any CPU.ActiveCfg = Release|Any CPU
		{B9B990E4-BD59-4133-8464-3895D3724A7D}.Release|Any CPU.Build.0 = Release|Any CPU
		{B9B990E4-BD59-4133-8464-3895D3724A7D}.Release|x64.ActiveCfg = Release|Any CPU
		{B9B990E4-BD59-4133-8464-3895D3724A7D}.Release|x64.Build.0 = Release|Any CPU
		{B9B990E4-BD59-4133-8464-3895D3724A7D}.Release|x86.ActiveCfg = Release|Any CPU
		{B9B990E4-BD59-4133-8464-3895D3724A7D}.Release|x86.Build.0 = Release|Any CPU
		{F78B1ACF-2595-41E3-998C-521CC0757824}.Debug|Any CPU.ActiveCfg = Debug|Any CPU
		{F78B1ACF-2595-41E3-998C-521CC0757824}.Debug|Any CPU.Build.0 = Debug|Any CPU
		{F78B1ACF-2595-41E3-998C-521CC0757824}.Debug|x64.ActiveCfg = Debug|Any CPU
		{F78B1ACF-2595-41E3-998C-521CC0757824}.Debug|x64.Build.0 = Debug|Any CPU
		{F78B1ACF-2595-41E3-998C-521CC0757824}.Debug|x86.ActiveCfg = Debug|Any CPU
		{F78B1ACF-2595-41E3-998C-521CC0757824}.Debug|x86.Build.0 = Debug|Any CPU
		{F78B1ACF-2595-41E3-998C-521CC0757824}.Release|Any CPU.ActiveCfg = Release|Any CPU
		{F78B1ACF-2595-41E3-998C-521CC0757824}.Release|Any CPU.Build.0 = Release|Any CPU
		{F78B1ACF-2595-41E3-998C-521CC0757824}.Release|x64.ActiveCfg = Release|Any CPU
		{F78B1ACF-2595-41E3-998C-521CC0757824}.Release|x64.Build.0 = Release|Any CPU
		{F78B1ACF-2595-41E3-998C-521CC0757824}.Release|x86.ActiveCfg = Release|Any CPU
		{F78B1ACF-2595-41E3-998C-521CC0757824}.Release|x86.Build.0 = Release|Any CPU
		{4CA7FCEB-7E79-43CD-AF9E-809B83397491}.Debug|Any CPU.ActiveCfg = Debug|Any CPU
		{4CA7FCEB-7E79-43CD-AF9E-809B83397491}.Debug|Any CPU.Build.0 = Debug|Any CPU
		{4CA7FCEB-7E79-43CD-AF9E-809B83397491}.Debug|x64.ActiveCfg = Debug|Any CPU
		{4CA7FCEB-7E79-43CD-AF9E-809B83397491}.Debug|x64.Build.0 = Debug|Any CPU
		{4CA7FCEB-7E79-43CD-AF9E-809B83397491}.Debug|x86.ActiveCfg = Debug|Any CPU
		{4CA7FCEB-7E79-43CD-AF9E-809B83397491}.Debug|x86.Build.0 = Debug|Any CPU
		{4CA7FCEB-7E79-43CD-AF9E-809B83397491}.Release|Any CPU.ActiveCfg = Release|Any CPU
		{4CA7FCEB-7E79-43CD-AF9E-809B83397491}.Release|Any CPU.Build.0 = Release|Any CPU
		{4CA7FCEB-7E79-43CD-AF9E-809B83397491}.Release|x64.ActiveCfg = Release|Any CPU
		{4CA7FCEB-7E79-43CD-AF9E-809B83397491}.Release|x64.Build.0 = Release|Any CPU
		{4CA7FCEB-7E79-43CD-AF9E-809B83397491}.Release|x86.ActiveCfg = Release|Any CPU
		{4CA7FCEB-7E79-43CD-AF9E-809B83397491}.Release|x86.Build.0 = Release|Any CPU
		{3710D3EB-D11D-4E4A-92FE-EC697AB1D13E}.Debug|Any CPU.ActiveCfg = Debug|Any CPU
		{3710D3EB-D11D-4E4A-92FE-EC697AB1D13E}.Debug|Any CPU.Build.0 = Debug|Any CPU
		{3710D3EB-D11D-4E4A-92FE-EC697AB1D13E}.Debug|x64.ActiveCfg = Debug|Any CPU
		{3710D3EB-D11D-4E4A-92FE-EC697AB1D13E}.Debug|x64.Build.0 = Debug|Any CPU
		{3710D3EB-D11D-4E4A-92FE-EC697AB1D13E}.Debug|x86.ActiveCfg = Debug|Any CPU
		{3710D3EB-D11D-4E4A-92FE-EC697AB1D13E}.Debug|x86.Build.0 = Debug|Any CPU
		{3710D3EB-D11D-4E4A-92FE-EC697AB1D13E}.Release|Any CPU.ActiveCfg = Release|Any CPU
		{3710D3EB-D11D-4E4A-92FE-EC697AB1D13E}.Release|Any CPU.Build.0 = Release|Any CPU
		{3710D3EB-D11D-4E4A-92FE-EC697AB1D13E}.Release|x64.ActiveCfg = Release|Any CPU
		{3710D3EB-D11D-4E4A-92FE-EC697AB1D13E}.Release|x64.Build.0 = Release|Any CPU
		{3710D3EB-D11D-4E4A-92FE-EC697AB1D13E}.Release|x86.ActiveCfg = Release|Any CPU
		{3710D3EB-D11D-4E4A-92FE-EC697AB1D13E}.Release|x86.Build.0 = Release|Any CPU
		{E64EFF6F-5520-46C0-AC8A-BBF4535D3554}.Debug|Any CPU.ActiveCfg = Debug|Any CPU
		{E64EFF6F-5520-46C0-AC8A-BBF4535D3554}.Debug|Any CPU.Build.0 = Debug|Any CPU
		{E64EFF6F-5520-46C0-AC8A-BBF4535D3554}.Debug|x64.ActiveCfg = Debug|Any CPU
		{E64EFF6F-5520-46C0-AC8A-BBF4535D3554}.Debug|x64.Build.0 = Debug|Any CPU
		{E64EFF6F-5520-46C0-AC8A-BBF4535D3554}.Debug|x86.ActiveCfg = Debug|Any CPU
		{E64EFF6F-5520-46C0-AC8A-BBF4535D3554}.Debug|x86.Build.0 = Debug|Any CPU
		{E64EFF6F-5520-46C0-AC8A-BBF4535D3554}.Release|Any CPU.ActiveCfg = Release|Any CPU
		{E64EFF6F-5520-46C0-AC8A-BBF4535D3554}.Release|Any CPU.Build.0 = Release|Any CPU
		{E64EFF6F-5520-46C0-AC8A-BBF4535D3554}.Release|x64.ActiveCfg = Release|Any CPU
		{E64EFF6F-5520-46C0-AC8A-BBF4535D3554}.Release|x64.Build.0 = Release|Any CPU
		{E64EFF6F-5520-46C0-AC8A-BBF4535D3554}.Release|x86.ActiveCfg = Release|Any CPU
		{E64EFF6F-5520-46C0-AC8A-BBF4535D3554}.Release|x86.Build.0 = Release|Any CPU
		{0F928B0A-EAAC-4A1B-9416-5867A52B58F1}.Debug|Any CPU.ActiveCfg = Debug|Any CPU
		{0F928B0A-EAAC-4A1B-9416-5867A52B58F1}.Debug|Any CPU.Build.0 = Debug|Any CPU
		{0F928B0A-EAAC-4A1B-9416-5867A52B58F1}.Debug|x64.ActiveCfg = Debug|Any CPU
		{0F928B0A-EAAC-4A1B-9416-5867A52B58F1}.Debug|x64.Build.0 = Debug|Any CPU
		{0F928B0A-EAAC-4A1B-9416-5867A52B58F1}.Debug|x86.ActiveCfg = Debug|Any CPU
		{0F928B0A-EAAC-4A1B-9416-5867A52B58F1}.Debug|x86.Build.0 = Debug|Any CPU
		{0F928B0A-EAAC-4A1B-9416-5867A52B58F1}.Release|Any CPU.ActiveCfg = Release|Any CPU
		{0F928B0A-EAAC-4A1B-9416-5867A52B58F1}.Release|Any CPU.Build.0 = Release|Any CPU
		{0F928B0A-EAAC-4A1B-9416-5867A52B58F1}.Release|x64.ActiveCfg = Release|Any CPU
		{0F928B0A-EAAC-4A1B-9416-5867A52B58F1}.Release|x64.Build.0 = Release|Any CPU
		{0F928B0A-EAAC-4A1B-9416-5867A52B58F1}.Release|x86.ActiveCfg = Release|Any CPU
		{0F928B0A-EAAC-4A1B-9416-5867A52B58F1}.Release|x86.Build.0 = Release|Any CPU
		{08CA7FD0-D3BB-4D8A-A8D3-FDD6E3485435}.Debug|Any CPU.ActiveCfg = Debug|Any CPU
		{08CA7FD0-D3BB-4D8A-A8D3-FDD6E3485435}.Debug|Any CPU.Build.0 = Debug|Any CPU
		{08CA7FD0-D3BB-4D8A-A8D3-FDD6E3485435}.Debug|x64.ActiveCfg = Debug|Any CPU
		{08CA7FD0-D3BB-4D8A-A8D3-FDD6E3485435}.Debug|x64.Build.0 = Debug|Any CPU
		{08CA7FD0-D3BB-4D8A-A8D3-FDD6E3485435}.Debug|x86.ActiveCfg = Debug|Any CPU
		{08CA7FD0-D3BB-4D8A-A8D3-FDD6E3485435}.Debug|x86.Build.0 = Debug|Any CPU
		{08CA7FD0-D3BB-4D8A-A8D3-FDD6E3485435}.Release|Any CPU.ActiveCfg = Release|Any CPU
		{08CA7FD0-D3BB-4D8A-A8D3-FDD6E3485435}.Release|Any CPU.Build.0 = Release|Any CPU
		{08CA7FD0-D3BB-4D8A-A8D3-FDD6E3485435}.Release|x64.ActiveCfg = Release|Any CPU
		{08CA7FD0-D3BB-4D8A-A8D3-FDD6E3485435}.Release|x64.Build.0 = Release|Any CPU
		{08CA7FD0-D3BB-4D8A-A8D3-FDD6E3485435}.Release|x86.ActiveCfg = Release|Any CPU
		{08CA7FD0-D3BB-4D8A-A8D3-FDD6E3485435}.Release|x86.Build.0 = Release|Any CPU
		{E398E70F-31FD-4773-A3F1-962AE9E49266}.Debug|Any CPU.ActiveCfg = Debug|x64
		{E398E70F-31FD-4773-A3F1-962AE9E49266}.Debug|Any CPU.Build.0 = Debug|x64
		{E398E70F-31FD-4773-A3F1-962AE9E49266}.Debug|x64.ActiveCfg = Debug|x64
		{E398E70F-31FD-4773-A3F1-962AE9E49266}.Debug|x64.Build.0 = Debug|x64
		{E398E70F-31FD-4773-A3F1-962AE9E49266}.Debug|x86.ActiveCfg = Debug|x64
		{E398E70F-31FD-4773-A3F1-962AE9E49266}.Debug|x86.Build.0 = Debug|x64
		{E398E70F-31FD-4773-A3F1-962AE9E49266}.Release|Any CPU.ActiveCfg = Release|x64
		{E398E70F-31FD-4773-A3F1-962AE9E49266}.Release|Any CPU.Build.0 = Release|x64
		{E398E70F-31FD-4773-A3F1-962AE9E49266}.Release|x64.ActiveCfg = Release|x64
		{E398E70F-31FD-4773-A3F1-962AE9E49266}.Release|x64.Build.0 = Release|x64
		{E398E70F-31FD-4773-A3F1-962AE9E49266}.Release|x86.ActiveCfg = Release|x64
		{E398E70F-31FD-4773-A3F1-962AE9E49266}.Release|x86.Build.0 = Release|x64
	EndGlobalSection
	GlobalSection(SolutionProperties) = preSolution
		HideSolutionNode = FALSE
	EndGlobalSection
	GlobalSection(NestedProjects) = preSolution
		{235FFD1C-6E60-4D02-9279-5D36F47795CD} = {827E0CD3-B72D-47B6-A68D-7590B98EB39B}
		{F94CB4A9-F9F8-4F20-8350-D72AE5DE608B} = {827E0CD3-B72D-47B6-A68D-7590B98EB39B}
		{C0842FC9-FD0C-4E47-9DC9-4069CC4F2C27} = {827E0CD3-B72D-47B6-A68D-7590B98EB39B}
		{971CB91E-190C-42FC-8F45-E4CB71B2914C} = {827E0CD3-B72D-47B6-A68D-7590B98EB39B}
		{42293A9C-A983-450E-9B59-8FD0F1FCA00E} = {827E0CD3-B72D-47B6-A68D-7590B98EB39B}
		{565CFBD4-1CBA-4BCD-9269-3B9AF3732117} = {827E0CD3-B72D-47B6-A68D-7590B98EB39B}
		{2864FC44-39D0-4796-B3A9-F42307138A41} = {0AB3BF05-4346-4AA6-1389-037BE0695223}
		{35E70F1B-1EB2-4917-BF76-2AF67E393231} = {0AB3BF05-4346-4AA6-1389-037BE0695223}
		{B40B1E9F-8464-4403-B077-14362FF9E97F} = {0AB3BF05-4346-4AA6-1389-037BE0695223}
		{B9B990E4-BD59-4133-8464-3895D3724A7D} = {0AB3BF05-4346-4AA6-1389-037BE0695223}
		{F78B1ACF-2595-41E3-998C-521CC0757824} = {0AB3BF05-4346-4AA6-1389-037BE0695223}
		{4CA7FCEB-7E79-43CD-AF9E-809B83397491} = {0AB3BF05-4346-4AA6-1389-037BE0695223}
		{3710D3EB-D11D-4E4A-92FE-EC697AB1D13E} = {0AB3BF05-4346-4AA6-1389-037BE0695223}
		{E64EFF6F-5520-46C0-AC8A-BBF4535D3554} = {0AB3BF05-4346-4AA6-1389-037BE0695223}
		{0F928B0A-EAAC-4A1B-9416-5867A52B58F1} = {07C2787E-EAC7-C090-1BA3-A61EC2A24D84}
		{08CA7FD0-D3BB-4D8A-A8D3-FDD6E3485435} = {07C2787E-EAC7-C090-1BA3-A61EC2A24D84}
		{E398E70F-31FD-4773-A3F1-962AE9E49266} = {827E0CD3-B72D-47B6-A68D-7590B98EB39B}
	EndGlobalSection
EndGlobal
